
Microsoft Visual Studio Solution File, Format Version 12.00
# Visual Studio Version 16
VisualStudioVersion = 16.0.29424.173
MinimumVisualStudioVersion = 10.0.40219.1
Project("{2150E333-8FDC-42A3-9474-1A3956D46DE8}") = "DesignPattern", "DesignPattern", "{DA8B9B1F-135D-492F-8448-CF2DB260985F}"
EndProject
Project("{9A19103F-16F7-4668-BE54-9A1E7A4F7556}") = "TotalNetCore.BuilderPattern", "TotalNetCore.BuilderPattern\TotalNetCore.BuilderPattern.csproj", "{C3D3B179-4098-4849-8792-F268F8F7C3D1}"
EndProject
Project("{9A19103F-16F7-4668-BE54-9A1E7A4F7556}") = "TotalNetCore.FluentBuilderWithRecursive", "TotalNetCore.FluentBuilderWithRecursive\TotalNetCore.FluentBuilderWithRecursive.csproj", "{BC160491-B6AE-4792-B890-A80536B9EBE9}"
EndProject
Project("{9A19103F-16F7-4668-BE54-9A1E7A4F7556}") = "TotalNetCore.FacadeBuilderPattern", "TotalNetCore.FacadeBuilderPattern\TotalNetCore.FacadeBuilderPattern.csproj", "{A974216D-653C-4568-9412-8CF04B7C146B}"
EndProject
Project("{9A19103F-16F7-4668-BE54-9A1E7A4F7556}") = "TotalNetCore.FactoryPattern", "TotalNetCore.FactoryPattern\TotalNetCore.FactoryPattern.csproj", "{378EDF66-19AF-4625-B8AA-7F047EFB570B}"
EndProject
Project("{9A19103F-16F7-4668-BE54-9A1E7A4F7556}") = "TotalNetCore.SingletonPattern", "TotalNetCore.SingletonPattern\TotalNetCore.SingletonPattern.csproj", "{409CA1B0-C308-4173-8A5D-824D9D226CE8}"
EndProject
Project("{9A19103F-16F7-4668-BE54-9A1E7A4F7556}") = "TotalNetCore.AdapterPattern", "TotalNetCore.AdapterPattern\TotalNetCore.AdapterPattern.csproj", "{30C0E286-6229-4F5E-A36A-7A513A706E11}"
EndProject
Project("{9A19103F-16F7-4668-BE54-9A1E7A4F7556}") = "TotalNetCore.CompositePattern", "TotalNetCore.CompositePattern\TotalNetCore.CompositePattern.csproj", "{D820834C-247B-4FC9-B402-D065F6CDB447}"
EndProject
Project("{9A19103F-16F7-4668-BE54-9A1E7A4F7556}") = "TotalNetCore.DecoratePattern", "TotalNetCore.DecoratePattern\TotalNetCore.DecoratePattern.csproj", "{0472E09F-BA91-4883-B589-D9E9B7CABF13}"
EndProject
Project("{9A19103F-16F7-4668-BE54-9A1E7A4F7556}") = "TotalNetCore.CommandPattern", "TotalNetCore.CommandPattern\TotalNetCore.CommandPattern.csproj", "{FB860467-B0BB-4992-826F-E759CA18BC39}"
EndProject
Project("{9A19103F-16F7-4668-BE54-9A1E7A4F7556}") = "TotalNetCore.StrategyPattern", "TotalNetCore.StrategyPattern\TotalNetCore.StrategyPattern.csproj", "{86B35FC1-436C-44B2-8FBB-285BB428BC13}"
EndProject
Project("{2150E333-8FDC-42A3-9474-1A3956D46DE8}") = "DDD", "DDD", "{4941E3C4-2090-4CD8-8435-6B0906AEA37D}"
EndProject
Project("{9A19103F-16F7-4668-BE54-9A1E7A4F7556}") = "DDD.Marketplace", "DDD.Marketplace\DDD.Marketplace.csproj", "{5BB109D3-1F55-44CE-A278-7FFCDA2A0313}"
EndProject
Project("{9A19103F-16F7-4668-BE54-9A1E7A4F7556}") = "DDD.Marketplace.Domain", "DDD.Marketplace.Domain\DDD.Marketplace.Domain.csproj", "{22014CBF-00ED-4748-BCE2-165934D18601}"
EndProject
Project("{9A19103F-16F7-4668-BE54-9A1E7A4F7556}") = "DDD.Marketplace.Tests", "DDD.Marketplace.Tests\DDD.Marketplace.Tests.csproj", "{15C27DB5-623E-43A3-B628-849ACDEF0947}"
EndProject
Project("{9A19103F-16F7-4668-BE54-9A1E7A4F7556}") = "DDD.Marketplace.Adapter", "DDD.Marketplace.Adapter\DDD.Marketplace.Adapter.csproj", "{6331C29F-1A74-4C78-93CD-FD950F5C7FB1}"
EndProject
Project("{9A19103F-16F7-4668-BE54-9A1E7A4F7556}") = "TotalNetCore.Web", "TotalNetCore.Web\TotalNetCore.Web.csproj", "{E27A0326-D5D7-4CE6-8DA6-BAE20AF09AC0}"
EndProject
Project("{2150E333-8FDC-42A3-9474-1A3956D46DE8}") = "UnitTest", "UnitTest", "{56F02081-1DAD-4601-896A-217C8BAB9C7F}"
EndProject
Project("{9A19103F-16F7-4668-BE54-9A1E7A4F7556}") = "TotalNetCore.UnitTest.EmployeeApp", "TotalNetCore.UnitTest.EmployeeApp\TotalNetCore.UnitTest.EmployeeApp.csproj", "{D9A9208C-B551-4F52-9784-F005330B261A}"
EndProject
Project("{9A19103F-16F7-4668-BE54-9A1E7A4F7556}") = "TotalNetCore.UnitTest.EmployeeTest", "TotalNetCore.UnitTest.EmployeeTest\TotalNetCore.UnitTest.EmployeeTest.csproj", "{E8A7C838-394F-45D8-B91C-C4F7D5AEEEA5}"
EndProject
Project("{2150E333-8FDC-42A3-9474-1A3956D46DE8}") = "Networking", "Networking", "{0B104BC3-66A9-4B45-8064-52334CF0FB22}"
EndProject
Project("{9A19103F-16F7-4668-BE54-9A1E7A4F7556}") = "TotalNetCore.Networking.UriTest", "TotalNetCore.Networking.UriTest\TotalNetCore.Networking.UriTest.csproj", "{9BF05D6C-D07C-457F-940A-3EFCDF724929}"
EndProject
Project("{9A19103F-16F7-4668-BE54-9A1E7A4F7556}") = "TotalNetCore.Netwroking.DnsTest", "TotalNetCore.Netwroking.DnsTest\TotalNetCore.Netwroking.DnsTest.csproj", "{72306561-4F78-4B2F-AD22-3DEB4A901093}"
EndProject
Project("{9A19103F-16F7-4668-BE54-9A1E7A4F7556}") = "TotalNetCore.UnitTest.EmployeeIntegrationTest", "TotalNetCore.UnitTest.EmployeeIntegrationTest\TotalNetCore.UnitTest.EmployeeIntegrationTest.csproj", "{B554D508-380A-46F9-8A02-93660191AD8E}"
EndProject
Project("{2150E333-8FDC-42A3-9474-1A3956D46DE8}") = "TDD", "TDD", "{B5B2A7E7-1249-443D-BA35-DDCC6954AA5B}"
EndProject
Project("{9A19103F-16F7-4668-BE54-9A1E7A4F7556}") = "TotalNetCore.TDD.API", "TotalNetCore.TDD.API\TotalNetCore.TDD.API.csproj", "{735F2464-9FB3-4914-A8B8-7A19B45E92C2}"
EndProject
Project("{9A19103F-16F7-4668-BE54-9A1E7A4F7556}") = "TotalNetCore.TDD.Infra", "TotalNetCore.TDD.Infra\TotalNetCore.TDD.Infra.csproj", "{F96F002F-41AD-4177-9278-320EBF9650F4}"
EndProject
Project("{9A19103F-16F7-4668-BE54-9A1E7A4F7556}") = "TotalNetCore.TDD.Test", "TotalNetCore.TDD.Test\TotalNetCore.TDD.Test.csproj", "{E2B5375B-B5DC-4258-B428-EAA50306F86F}"
EndProject
Project("{9A19103F-16F7-4668-BE54-9A1E7A4F7556}") = "TotalNetCore.UnitTest.Service", "TotalNetCore.UnitTest.Service\TotalNetCore.UnitTest.Service.csproj", "{F338E8C7-736D-4160-B594-07E67F26128F}"
EndProject
Project("{2150E333-8FDC-42A3-9474-1A3956D46DE8}") = "DDDAPISample", "DDDAPISample", "{C6254369-015F-49A1-8482-5411A36D4087}"
EndProject
Project("{9A19103F-16F7-4668-BE54-9A1E7A4F7556}") = "TotalNetCore.DDDAPISample.Domain", "TotalNetCore.DDDAPISample.Domain\TotalNetCore.DDDAPISample.Domain.csproj", "{602C2961-2E33-4788-B71F-10A2E0DB7F26}"
EndProject
Project("{9A19103F-16F7-4668-BE54-9A1E7A4F7556}") = "TotalNetCore.DDDAPISample.Application", "TotalNetCore.DDDAPISample.Application\TotalNetCore.DDDAPISample.Application.csproj", "{A1123856-BFE6-44D6-80F3-E88CAC01DEDD}"
EndProject
Project("{9A19103F-16F7-4668-BE54-9A1E7A4F7556}") = "TotalNetCore.DDDAPISample.Infrastructure", "TotalNetCore.DDDAPISample.Infrastructure\TotalNetCore.DDDAPISample.Infrastructure.csproj", "{42198A11-82E8-4036-850D-9FB89DEC859B}"
EndProject
Project("{9A19103F-16F7-4668-BE54-9A1E7A4F7556}") = "TotalNetCore.DDDAPISample.API", "TotalNetCore.DDDAPISample.API\TotalNetCore.DDDAPISample.API.csproj", "{EF9187AC-264D-48D5-B128-37E2B372A7B4}"
EndProject
Project("{2150E333-8FDC-42A3-9474-1A3956D46DE8}") = "Autofac", "Autofac", "{A738EC1E-B24F-4650-A859-541B748D10B4}"
EndProject
Project("{9A19103F-16F7-4668-BE54-9A1E7A4F7556}") = "TotalNetCore.AutofacExample.Lib", "TotalNetCore.AutofacExample.Lib\TotalNetCore.AutofacExample.Lib.csproj", "{06773ED1-6640-4221-AD09-9AF5B7EEB1C0}"
EndProject
Project("{9A19103F-16F7-4668-BE54-9A1E7A4F7556}") = "TotalNetCore.AutofacExample.Cons", "TotalNetCore.AutofacExample.Cons\TotalNetCore.AutofacExample.Cons.csproj", "{63BF55F0-257B-4348-8121-01FAB1E3AA44}"
EndProject
Project("{2150E333-8FDC-42A3-9474-1A3956D46DE8}") = "DDDGuestbook", "DDDGuestbook", "{8B900B32-11B5-42A7-8D81-E8E249D1BEC5}"
EndProject
Project("{9A19103F-16F7-4668-BE54-9A1E7A4F7556}") = "TotalNetCore.DDDGuestbook.Core", "TotalNetCore.DDDGuestbook.Core\TotalNetCore.DDDGuestbook.Core.csproj", "{8FB68388-E20B-4631-A64A-0B77342E066F}"
EndProject
Project("{9A19103F-16F7-4668-BE54-9A1E7A4F7556}") = "TotalNetCore.DDDGuestbook.Infrastructure", "TotalNetCore.DDDGuestbook.Infrastructure\TotalNetCore.DDDGuestbook.Infrastructure.csproj", "{09A3BC53-A67F-4FBF-B271-82AC59D509F7}"
EndProject
Project("{9A19103F-16F7-4668-BE54-9A1E7A4F7556}") = "TotalNetCore.DDDGuestbook.Web", "TotalNetCore.DDDGuestbook.Web\TotalNetCore.DDDGuestbook.Web.csproj", "{6642FC48-EB16-46C8-8899-D22E8AC536DE}"
EndProject
Project("{9A19103F-16F7-4668-BE54-9A1E7A4F7556}") = "TotalNetCore.AutofacExample.Web", "TotalNetCore.AutofacExample.Web\TotalNetCore.AutofacExample.Web.csproj", "{26255B53-4C9F-432B-9CD1-9C8AB4AC2305}"
EndProject
Project("{9A19103F-16F7-4668-BE54-9A1E7A4F7556}") = "TotalNetCore.DDDCommandPattern", "TotalNetCore.DDDCommandPattern\TotalNetCore.DDDCommandPattern.csproj", "{A89BA290-7827-4C60-949F-96AECEB173B6}"
EndProject
Project("{9A19103F-16F7-4668-BE54-9A1E7A4F7556}") = "TotalNetCore.DDDEventPattern", "TotalNetCore.DDDEventPattern\TotalNetCore.DDDEventPattern.csproj", "{8CC1E162-B165-4BD9-8FA6-8F8AEDDD6A37}"
EndProject
Project("{9A19103F-16F7-4668-BE54-9A1E7A4F7556}") = "TotalNetCore.WebRequest.WebRequests", "TotalNetCore.WebRequest.WebRequest\TotalNetCore.WebRequest.WebRequests.csproj", "{17885C54-E9EC-4567-80E6-9863A8C39CD4}"
EndProject
Project("{9A19103F-16F7-4668-BE54-9A1E7A4F7556}") = "TotalNetCore.Networking.StreamExample", "TotalNetCore.Networking.StreamExample\TotalNetCore.Networking.StreamExample.csproj", "{A85D4A5F-1F4D-49A0-884B-B11513480CBF}"
EndProject
Project("{9A19103F-16F7-4668-BE54-9A1E7A4F7556}") = "TotalNetCore.Networking.ErrorHandling", "TotalNetCore.Networking.ErrorHandling\TotalNetCore.Networking.ErrorHandling.csproj", "{8AC13B62-8842-4A2D-BDCE-500BC9F6A52E}"
EndProject
Project("{9A19103F-16F7-4668-BE54-9A1E7A4F7556}") = "TotalNetCore.Networking.API", "TotalNetCore.Networking.API\TotalNetCore.Networking.API.csproj", "{1105E6AD-94AD-40DB-8A35-AC3306EA27C7}"
EndProject
Project("{9A19103F-16F7-4668-BE54-9A1E7A4F7556}") = "TotalNetCore.Networking.SocketsAndPorts", "TotalNetCore.Networking.SocketsAndPorts\TotalNetCore.Networking.SocketsAndPorts.csproj", "{D06BDFF7-AAC2-427C-975C-43ACB5949394}"
EndProject
Project("{2150E333-8FDC-42A3-9474-1A3956D46DE8}") = "ByMrXiao", "ByMrXiao", "{92FAA33C-7F8A-4A95-840A-F46B19B336B1}"
EndProject
Project("{9A19103F-16F7-4668-BE54-9A1E7A4F7556}") = "TotalNetCore.ByMrXiao.启动过程", "TotalNetCore.ByMrXiao.启动过程\TotalNetCore.ByMrXiao.启动过程.csproj", "{48B08FD5-2A69-4FEA-91D3-658C92CFC06D}"
EndProject
Project("{9A19103F-16F7-4668-BE54-9A1E7A4F7556}") = "TotalNetCore.ByMrXiao.依赖注入例子", "TotalNetCore.ByMrXiao.依赖注入例子\TotalNetCore.ByMrXiao.依赖注入例子.csproj", "{B1463A1A-BC8B-4F11-88B7-782D06BEC6EB}"
EndProject
Project("{9A19103F-16F7-4668-BE54-9A1E7A4F7556}") = "TotalNetCore.ByMrXiao.依赖倒置作用域", "TotalNetCore.ByMrXiao.依赖倒置作用域\TotalNetCore.ByMrXiao.依赖倒置作用域.csproj", "{1204B311-7790-4B65-BD92-85AD45E55C20}"
EndProject
Project("{9A19103F-16F7-4668-BE54-9A1E7A4F7556}") = "TotalNetCore.ByMrXiao.Autofac增强容器能力", "TotalNetCore.ByMrXiao.Autofac增强容器能力\TotalNetCore.ByMrXiao.Autofac增强容器能力.csproj", "{E55D2F4E-2256-42FE-A521-810C9F5BE806}"
EndProject
Project("{9A19103F-16F7-4668-BE54-9A1E7A4F7556}") = "TotalNetCore.ByMrXiao.配置", "TotalNetCore.ByMrXiao.配置\TotalNetCore.ByMrXiao.配置.csproj", "{62C7B7EE-03B3-4291-B983-849E8726C790}"
EndProject
Project("{9A19103F-16F7-4668-BE54-9A1E7A4F7556}") = "TotalNetCore.UnitTest.BookTest", "TotalNetCore.UnitTest.BookTest\TotalNetCore.UnitTest.BookTest.csproj", "{CE34ECE7-3C03-4696-A9A0-EF184269B8EF}"
EndProject
Project("{9A19103F-16F7-4668-BE54-9A1E7A4F7556}") = "TotalNetCore.UnitTest.ProductTest", "TotalNetCore.UnitTest.ProductTest\TotalNetCore.UnitTest.ProductTest.csproj", "{5797D1B9-6190-41EE-BD70-F025022110F4}"
EndProject
Project("{9A19103F-16F7-4668-BE54-9A1E7A4F7556}") = "TotalNetCore.ByMrXiao.服务组件配置", "TotalNetCore.ByMrXiao.服务组件配置\TotalNetCore.ByMrXiao.服务组件配置.csproj", "{0559155E-18FB-47EE-A769-22FFFFB91972}"
EndProject
Project("{9A19103F-16F7-4668-BE54-9A1E7A4F7556}") = "TotalNetCore.ByMrXiao.LoggingSimpleDemo", "TotalNetCore.ByMrXiao.LoggingSimpleDemo\TotalNetCore.ByMrXiao.LoggingSimpleDemo.csproj", "{95D5CAF4-A6DB-49DA-A1D6-B1DD7D581DA7}"
EndProject
Project("{9A19103F-16F7-4668-BE54-9A1E7A4F7556}") = "TotalNetCore.ByMrXiao.LoggingSerilogDemo", "TotalNetCore.ByMrXiao.LoggingSerilogDemo\TotalNetCore.ByMrXiao.LoggingSerilogDemo.csproj", "{2DE4A0DA-D088-4D19-8DCE-D84089347100}"
EndProject
Project("{2150E333-8FDC-42A3-9474-1A3956D46DE8}") = "Others", "Others", "{77CC5143-00C6-491F-AFF3-A06C7D97F331}"
EndProject
Project("{9A19103F-16F7-4668-BE54-9A1E7A4F7556}") = "TotalNetCore.GetChildNodes", "TotalNetCore.GetChildNodes\TotalNetCore.GetChildNodes.csproj", "{448D51D0-C4EF-4DC1-B5ED-5E465EE036C7}"
EndProject
Project("{2150E333-8FDC-42A3-9474-1A3956D46DE8}") = "SimpleCQRS", "SimpleCQRS", "{6F477E26-C490-4626-87C0-220EDE766DD9}"
EndProject
Project("{9A19103F-16F7-4668-BE54-9A1E7A4F7556}") = "TotalNetCore.SimpleCQRS.Lib", "TotalNetCore.SimpleCQRS.Lib\TotalNetCore.SimpleCQRS.Lib.csproj", "{90BC5EFB-E6E3-4345-AF30-3D1E6EC4C6F9}"
EndProject
Project("{9A19103F-16F7-4668-BE54-9A1E7A4F7556}") = "TotalNetCore.SimpleCQRS.Web", "TotalNetCore.SimpleCQRS.Web\TotalNetCore.SimpleCQRS.Web.csproj", "{AFEE2762-1F7A-481D-BB5C-A0F1310ACA00}"
EndProject
Project("{2150E333-8FDC-42A3-9474-1A3956D46DE8}") = "CoffeeDDD", "CoffeeDDD", "{B262C0CB-7C48-4E1C-BE6F-BBBEDC7E0AC8}"
EndProject
Project("{9A19103F-16F7-4668-BE54-9A1E7A4F7556}") = "TotalNetCore.AboutTime", "TotalNetCore.AboutTime\TotalNetCore.AboutTime.csproj", "{7ACB6210-4FFA-40E7-BF3E-90B8DB8C3072}"
EndProject
Project("{9A19103F-16F7-4668-BE54-9A1E7A4F7556}") = "TotalNetCore.CoffeeDDD.Common", "TotalNetCore.CoffeeDDD.Common\TotalNetCore.CoffeeDDD.Common.csproj", "{9E7A1A39-AF41-4B3E-92A2-71DB18A406F9}"
EndProject
Project("{9A19103F-16F7-4668-BE54-9A1E7A4F7556}") = "TotalNetCore.CoffeeDDD.RoastPlanning", "TotalNetCore.CoffeeDDD.RoastPlanning\TotalNetCore.CoffeeDDD.RoastPlanning.csproj", "{C9B7B74B-EE97-4B1B-8041-90CC061E71CF}"
EndProject
Project("{9A19103F-16F7-4668-BE54-9A1E7A4F7556}") = "TotalNetCore.CoffeeDDD.RoastPlanning.Tests", "TotalNetCore.CoffeeDDD.RoastPlanning.Tests\TotalNetCore.CoffeeDDD.RoastPlanning.Tests.csproj", "{E4AE6C70-8BB1-4BD4-92BF-50DE008240C2}"
EndProject
Project("{2150E333-8FDC-42A3-9474-1A3956D46DE8}") = "DDDLoan", "DDDLoan", "{53F61231-AF15-43C6-9EE2-961F3C573654}"
EndProject
Project("{9A19103F-16F7-4668-BE54-9A1E7A4F7556}") = "TotalNetCore.DDDLoan.Web", "TotalNetCore.DDDLoan.Web\TotalNetCore.DDDLoan.Web.csproj", "{7DC556E1-55BD-49B4-AE07-57C385E4AAB8}"
EndProject
Project("{2150E333-8FDC-42A3-9474-1A3956D46DE8}") = "RestEaseExample", "RestEaseExample", "{69C116E3-CCB7-4628-AFD2-331E661CCAF0}"
EndProject
Project("{FAE04EC0-301F-11D3-BF4B-00C04F79EFBC}") = "TotalNetCore.RestEaseExample", "TotalNetCore.RestEaseExample\TotalNetCore.RestEaseExample.csproj", "{B56B31C0-2341-4212-8D9B-2C2DC137390C}"
EndProject
Project("{FAE04EC0-301F-11D3-BF4B-00C04F79EFBC}") = "TotalNetCore.DDDLoan.Tests", "TotalNetCore.DDDLoan.Tests\TotalNetCore.DDDLoan.Tests.csproj", "{A44AF5FB-AF25-4B33-A937-0F98C4776FF1}"
EndProject
Global
	GlobalSection(SolutionConfigurationPlatforms) = preSolution
		Debug|Any CPU = Debug|Any CPU
		Release|Any CPU = Release|Any CPU
	EndGlobalSection
	GlobalSection(ProjectConfigurationPlatforms) = postSolution
		{C3D3B179-4098-4849-8792-F268F8F7C3D1}.Debug|Any CPU.ActiveCfg = Debug|Any CPU
		{C3D3B179-4098-4849-8792-F268F8F7C3D1}.Debug|Any CPU.Build.0 = Debug|Any CPU
		{C3D3B179-4098-4849-8792-F268F8F7C3D1}.Release|Any CPU.ActiveCfg = Release|Any CPU
		{C3D3B179-4098-4849-8792-F268F8F7C3D1}.Release|Any CPU.Build.0 = Release|Any CPU
		{BC160491-B6AE-4792-B890-A80536B9EBE9}.Debug|Any CPU.ActiveCfg = Debug|Any CPU
		{BC160491-B6AE-4792-B890-A80536B9EBE9}.Debug|Any CPU.Build.0 = Debug|Any CPU
		{BC160491-B6AE-4792-B890-A80536B9EBE9}.Release|Any CPU.ActiveCfg = Release|Any CPU
		{BC160491-B6AE-4792-B890-A80536B9EBE9}.Release|Any CPU.Build.0 = Release|Any CPU
		{A974216D-653C-4568-9412-8CF04B7C146B}.Debug|Any CPU.ActiveCfg = Debug|Any CPU
		{A974216D-653C-4568-9412-8CF04B7C146B}.Debug|Any CPU.Build.0 = Debug|Any CPU
		{A974216D-653C-4568-9412-8CF04B7C146B}.Release|Any CPU.ActiveCfg = Release|Any CPU
		{A974216D-653C-4568-9412-8CF04B7C146B}.Release|Any CPU.Build.0 = Release|Any CPU
		{378EDF66-19AF-4625-B8AA-7F047EFB570B}.Debug|Any CPU.ActiveCfg = Debug|Any CPU
		{378EDF66-19AF-4625-B8AA-7F047EFB570B}.Debug|Any CPU.Build.0 = Debug|Any CPU
		{378EDF66-19AF-4625-B8AA-7F047EFB570B}.Release|Any CPU.ActiveCfg = Release|Any CPU
		{378EDF66-19AF-4625-B8AA-7F047EFB570B}.Release|Any CPU.Build.0 = Release|Any CPU
		{409CA1B0-C308-4173-8A5D-824D9D226CE8}.Debug|Any CPU.ActiveCfg = Debug|Any CPU
		{409CA1B0-C308-4173-8A5D-824D9D226CE8}.Debug|Any CPU.Build.0 = Debug|Any CPU
		{409CA1B0-C308-4173-8A5D-824D9D226CE8}.Release|Any CPU.ActiveCfg = Release|Any CPU
		{409CA1B0-C308-4173-8A5D-824D9D226CE8}.Release|Any CPU.Build.0 = Release|Any CPU
		{30C0E286-6229-4F5E-A36A-7A513A706E11}.Debug|Any CPU.ActiveCfg = Debug|Any CPU
		{30C0E286-6229-4F5E-A36A-7A513A706E11}.Debug|Any CPU.Build.0 = Debug|Any CPU
		{30C0E286-6229-4F5E-A36A-7A513A706E11}.Release|Any CPU.ActiveCfg = Release|Any CPU
		{30C0E286-6229-4F5E-A36A-7A513A706E11}.Release|Any CPU.Build.0 = Release|Any CPU
		{D820834C-247B-4FC9-B402-D065F6CDB447}.Debug|Any CPU.ActiveCfg = Debug|Any CPU
		{D820834C-247B-4FC9-B402-D065F6CDB447}.Debug|Any CPU.Build.0 = Debug|Any CPU
		{D820834C-247B-4FC9-B402-D065F6CDB447}.Release|Any CPU.ActiveCfg = Release|Any CPU
		{D820834C-247B-4FC9-B402-D065F6CDB447}.Release|Any CPU.Build.0 = Release|Any CPU
		{0472E09F-BA91-4883-B589-D9E9B7CABF13}.Debug|Any CPU.ActiveCfg = Debug|Any CPU
		{0472E09F-BA91-4883-B589-D9E9B7CABF13}.Debug|Any CPU.Build.0 = Debug|Any CPU
		{0472E09F-BA91-4883-B589-D9E9B7CABF13}.Release|Any CPU.ActiveCfg = Release|Any CPU
		{0472E09F-BA91-4883-B589-D9E9B7CABF13}.Release|Any CPU.Build.0 = Release|Any CPU
		{FB860467-B0BB-4992-826F-E759CA18BC39}.Debug|Any CPU.ActiveCfg = Debug|Any CPU
		{FB860467-B0BB-4992-826F-E759CA18BC39}.Debug|Any CPU.Build.0 = Debug|Any CPU
		{FB860467-B0BB-4992-826F-E759CA18BC39}.Release|Any CPU.ActiveCfg = Release|Any CPU
		{FB860467-B0BB-4992-826F-E759CA18BC39}.Release|Any CPU.Build.0 = Release|Any CPU
		{86B35FC1-436C-44B2-8FBB-285BB428BC13}.Debug|Any CPU.ActiveCfg = Debug|Any CPU
		{86B35FC1-436C-44B2-8FBB-285BB428BC13}.Debug|Any CPU.Build.0 = Debug|Any CPU
		{86B35FC1-436C-44B2-8FBB-285BB428BC13}.Release|Any CPU.ActiveCfg = Release|Any CPU
		{86B35FC1-436C-44B2-8FBB-285BB428BC13}.Release|Any CPU.Build.0 = Release|Any CPU
		{5BB109D3-1F55-44CE-A278-7FFCDA2A0313}.Debug|Any CPU.ActiveCfg = Debug|Any CPU
		{5BB109D3-1F55-44CE-A278-7FFCDA2A0313}.Debug|Any CPU.Build.0 = Debug|Any CPU
		{5BB109D3-1F55-44CE-A278-7FFCDA2A0313}.Release|Any CPU.ActiveCfg = Release|Any CPU
		{5BB109D3-1F55-44CE-A278-7FFCDA2A0313}.Release|Any CPU.Build.0 = Release|Any CPU
		{22014CBF-00ED-4748-BCE2-165934D18601}.Debug|Any CPU.ActiveCfg = Debug|Any CPU
		{22014CBF-00ED-4748-BCE2-165934D18601}.Debug|Any CPU.Build.0 = Debug|Any CPU
		{22014CBF-00ED-4748-BCE2-165934D18601}.Release|Any CPU.ActiveCfg = Release|Any CPU
		{22014CBF-00ED-4748-BCE2-165934D18601}.Release|Any CPU.Build.0 = Release|Any CPU
		{15C27DB5-623E-43A3-B628-849ACDEF0947}.Debug|Any CPU.ActiveCfg = Debug|Any CPU
		{15C27DB5-623E-43A3-B628-849ACDEF0947}.Debug|Any CPU.Build.0 = Debug|Any CPU
		{15C27DB5-623E-43A3-B628-849ACDEF0947}.Release|Any CPU.ActiveCfg = Release|Any CPU
		{15C27DB5-623E-43A3-B628-849ACDEF0947}.Release|Any CPU.Build.0 = Release|Any CPU
		{6331C29F-1A74-4C78-93CD-FD950F5C7FB1}.Debug|Any CPU.ActiveCfg = Debug|Any CPU
		{6331C29F-1A74-4C78-93CD-FD950F5C7FB1}.Debug|Any CPU.Build.0 = Debug|Any CPU
		{6331C29F-1A74-4C78-93CD-FD950F5C7FB1}.Release|Any CPU.ActiveCfg = Release|Any CPU
		{6331C29F-1A74-4C78-93CD-FD950F5C7FB1}.Release|Any CPU.Build.0 = Release|Any CPU
		{E27A0326-D5D7-4CE6-8DA6-BAE20AF09AC0}.Debug|Any CPU.ActiveCfg = Debug|Any CPU
		{E27A0326-D5D7-4CE6-8DA6-BAE20AF09AC0}.Debug|Any CPU.Build.0 = Debug|Any CPU
		{E27A0326-D5D7-4CE6-8DA6-BAE20AF09AC0}.Release|Any CPU.ActiveCfg = Release|Any CPU
		{E27A0326-D5D7-4CE6-8DA6-BAE20AF09AC0}.Release|Any CPU.Build.0 = Release|Any CPU
		{D9A9208C-B551-4F52-9784-F005330B261A}.Debug|Any CPU.ActiveCfg = Debug|Any CPU
		{D9A9208C-B551-4F52-9784-F005330B261A}.Debug|Any CPU.Build.0 = Debug|Any CPU
		{D9A9208C-B551-4F52-9784-F005330B261A}.Release|Any CPU.ActiveCfg = Release|Any CPU
		{D9A9208C-B551-4F52-9784-F005330B261A}.Release|Any CPU.Build.0 = Release|Any CPU
		{E8A7C838-394F-45D8-B91C-C4F7D5AEEEA5}.Debug|Any CPU.ActiveCfg = Debug|Any CPU
		{E8A7C838-394F-45D8-B91C-C4F7D5AEEEA5}.Debug|Any CPU.Build.0 = Debug|Any CPU
		{E8A7C838-394F-45D8-B91C-C4F7D5AEEEA5}.Release|Any CPU.ActiveCfg = Release|Any CPU
		{E8A7C838-394F-45D8-B91C-C4F7D5AEEEA5}.Release|Any CPU.Build.0 = Release|Any CPU
		{9BF05D6C-D07C-457F-940A-3EFCDF724929}.Debug|Any CPU.ActiveCfg = Debug|Any CPU
		{9BF05D6C-D07C-457F-940A-3EFCDF724929}.Debug|Any CPU.Build.0 = Debug|Any CPU
		{9BF05D6C-D07C-457F-940A-3EFCDF724929}.Release|Any CPU.ActiveCfg = Release|Any CPU
		{9BF05D6C-D07C-457F-940A-3EFCDF724929}.Release|Any CPU.Build.0 = Release|Any CPU
		{72306561-4F78-4B2F-AD22-3DEB4A901093}.Debug|Any CPU.ActiveCfg = Debug|Any CPU
		{72306561-4F78-4B2F-AD22-3DEB4A901093}.Debug|Any CPU.Build.0 = Debug|Any CPU
		{72306561-4F78-4B2F-AD22-3DEB4A901093}.Release|Any CPU.ActiveCfg = Release|Any CPU
		{72306561-4F78-4B2F-AD22-3DEB4A901093}.Release|Any CPU.Build.0 = Release|Any CPU
		{B554D508-380A-46F9-8A02-93660191AD8E}.Debug|Any CPU.ActiveCfg = Debug|Any CPU
		{B554D508-380A-46F9-8A02-93660191AD8E}.Debug|Any CPU.Build.0 = Debug|Any CPU
		{B554D508-380A-46F9-8A02-93660191AD8E}.Release|Any CPU.ActiveCfg = Release|Any CPU
		{B554D508-380A-46F9-8A02-93660191AD8E}.Release|Any CPU.Build.0 = Release|Any CPU
		{735F2464-9FB3-4914-A8B8-7A19B45E92C2}.Debug|Any CPU.ActiveCfg = Debug|Any CPU
		{735F2464-9FB3-4914-A8B8-7A19B45E92C2}.Debug|Any CPU.Build.0 = Debug|Any CPU
		{735F2464-9FB3-4914-A8B8-7A19B45E92C2}.Release|Any CPU.ActiveCfg = Release|Any CPU
		{735F2464-9FB3-4914-A8B8-7A19B45E92C2}.Release|Any CPU.Build.0 = Release|Any CPU
		{F96F002F-41AD-4177-9278-320EBF9650F4}.Debug|Any CPU.ActiveCfg = Debug|Any CPU
		{F96F002F-41AD-4177-9278-320EBF9650F4}.Debug|Any CPU.Build.0 = Debug|Any CPU
		{F96F002F-41AD-4177-9278-320EBF9650F4}.Release|Any CPU.ActiveCfg = Release|Any CPU
		{F96F002F-41AD-4177-9278-320EBF9650F4}.Release|Any CPU.Build.0 = Release|Any CPU
		{E2B5375B-B5DC-4258-B428-EAA50306F86F}.Debug|Any CPU.ActiveCfg = Debug|Any CPU
		{E2B5375B-B5DC-4258-B428-EAA50306F86F}.Debug|Any CPU.Build.0 = Debug|Any CPU
		{E2B5375B-B5DC-4258-B428-EAA50306F86F}.Release|Any CPU.ActiveCfg = Release|Any CPU
		{E2B5375B-B5DC-4258-B428-EAA50306F86F}.Release|Any CPU.Build.0 = Release|Any CPU
		{F338E8C7-736D-4160-B594-07E67F26128F}.Debug|Any CPU.ActiveCfg = Debug|Any CPU
		{F338E8C7-736D-4160-B594-07E67F26128F}.Debug|Any CPU.Build.0 = Debug|Any CPU
		{F338E8C7-736D-4160-B594-07E67F26128F}.Release|Any CPU.ActiveCfg = Release|Any CPU
		{F338E8C7-736D-4160-B594-07E67F26128F}.Release|Any CPU.Build.0 = Release|Any CPU
		{602C2961-2E33-4788-B71F-10A2E0DB7F26}.Debug|Any CPU.ActiveCfg = Debug|Any CPU
		{602C2961-2E33-4788-B71F-10A2E0DB7F26}.Debug|Any CPU.Build.0 = Debug|Any CPU
		{602C2961-2E33-4788-B71F-10A2E0DB7F26}.Release|Any CPU.ActiveCfg = Release|Any CPU
		{602C2961-2E33-4788-B71F-10A2E0DB7F26}.Release|Any CPU.Build.0 = Release|Any CPU
		{A1123856-BFE6-44D6-80F3-E88CAC01DEDD}.Debug|Any CPU.ActiveCfg = Debug|Any CPU
		{A1123856-BFE6-44D6-80F3-E88CAC01DEDD}.Debug|Any CPU.Build.0 = Debug|Any CPU
		{A1123856-BFE6-44D6-80F3-E88CAC01DEDD}.Release|Any CPU.ActiveCfg = Release|Any CPU
		{A1123856-BFE6-44D6-80F3-E88CAC01DEDD}.Release|Any CPU.Build.0 = Release|Any CPU
		{42198A11-82E8-4036-850D-9FB89DEC859B}.Debug|Any CPU.ActiveCfg = Debug|Any CPU
		{42198A11-82E8-4036-850D-9FB89DEC859B}.Debug|Any CPU.Build.0 = Debug|Any CPU
		{42198A11-82E8-4036-850D-9FB89DEC859B}.Release|Any CPU.ActiveCfg = Release|Any CPU
		{42198A11-82E8-4036-850D-9FB89DEC859B}.Release|Any CPU.Build.0 = Release|Any CPU
		{EF9187AC-264D-48D5-B128-37E2B372A7B4}.Debug|Any CPU.ActiveCfg = Debug|Any CPU
		{EF9187AC-264D-48D5-B128-37E2B372A7B4}.Debug|Any CPU.Build.0 = Debug|Any CPU
		{EF9187AC-264D-48D5-B128-37E2B372A7B4}.Release|Any CPU.ActiveCfg = Release|Any CPU
		{EF9187AC-264D-48D5-B128-37E2B372A7B4}.Release|Any CPU.Build.0 = Release|Any CPU
		{06773ED1-6640-4221-AD09-9AF5B7EEB1C0}.Debug|Any CPU.ActiveCfg = Debug|Any CPU
		{06773ED1-6640-4221-AD09-9AF5B7EEB1C0}.Debug|Any CPU.Build.0 = Debug|Any CPU
		{06773ED1-6640-4221-AD09-9AF5B7EEB1C0}.Release|Any CPU.ActiveCfg = Release|Any CPU
		{06773ED1-6640-4221-AD09-9AF5B7EEB1C0}.Release|Any CPU.Build.0 = Release|Any CPU
		{63BF55F0-257B-4348-8121-01FAB1E3AA44}.Debug|Any CPU.ActiveCfg = Debug|Any CPU
		{63BF55F0-257B-4348-8121-01FAB1E3AA44}.Debug|Any CPU.Build.0 = Debug|Any CPU
		{63BF55F0-257B-4348-8121-01FAB1E3AA44}.Release|Any CPU.ActiveCfg = Release|Any CPU
		{63BF55F0-257B-4348-8121-01FAB1E3AA44}.Release|Any CPU.Build.0 = Release|Any CPU
		{8FB68388-E20B-4631-A64A-0B77342E066F}.Debug|Any CPU.ActiveCfg = Debug|Any CPU
		{8FB68388-E20B-4631-A64A-0B77342E066F}.Debug|Any CPU.Build.0 = Debug|Any CPU
		{8FB68388-E20B-4631-A64A-0B77342E066F}.Release|Any CPU.ActiveCfg = Release|Any CPU
		{8FB68388-E20B-4631-A64A-0B77342E066F}.Release|Any CPU.Build.0 = Release|Any CPU
		{09A3BC53-A67F-4FBF-B271-82AC59D509F7}.Debug|Any CPU.ActiveCfg = Debug|Any CPU
		{09A3BC53-A67F-4FBF-B271-82AC59D509F7}.Debug|Any CPU.Build.0 = Debug|Any CPU
		{09A3BC53-A67F-4FBF-B271-82AC59D509F7}.Release|Any CPU.ActiveCfg = Release|Any CPU
		{09A3BC53-A67F-4FBF-B271-82AC59D509F7}.Release|Any CPU.Build.0 = Release|Any CPU
		{6642FC48-EB16-46C8-8899-D22E8AC536DE}.Debug|Any CPU.ActiveCfg = Debug|Any CPU
		{6642FC48-EB16-46C8-8899-D22E8AC536DE}.Debug|Any CPU.Build.0 = Debug|Any CPU
		{6642FC48-EB16-46C8-8899-D22E8AC536DE}.Release|Any CPU.ActiveCfg = Release|Any CPU
		{6642FC48-EB16-46C8-8899-D22E8AC536DE}.Release|Any CPU.Build.0 = Release|Any CPU
		{26255B53-4C9F-432B-9CD1-9C8AB4AC2305}.Debug|Any CPU.ActiveCfg = Debug|Any CPU
		{26255B53-4C9F-432B-9CD1-9C8AB4AC2305}.Debug|Any CPU.Build.0 = Debug|Any CPU
		{26255B53-4C9F-432B-9CD1-9C8AB4AC2305}.Release|Any CPU.ActiveCfg = Release|Any CPU
		{26255B53-4C9F-432B-9CD1-9C8AB4AC2305}.Release|Any CPU.Build.0 = Release|Any CPU
		{A89BA290-7827-4C60-949F-96AECEB173B6}.Debug|Any CPU.ActiveCfg = Debug|Any CPU
		{A89BA290-7827-4C60-949F-96AECEB173B6}.Debug|Any CPU.Build.0 = Debug|Any CPU
		{A89BA290-7827-4C60-949F-96AECEB173B6}.Release|Any CPU.ActiveCfg = Release|Any CPU
		{A89BA290-7827-4C60-949F-96AECEB173B6}.Release|Any CPU.Build.0 = Release|Any CPU
		{8CC1E162-B165-4BD9-8FA6-8F8AEDDD6A37}.Debug|Any CPU.ActiveCfg = Debug|Any CPU
		{8CC1E162-B165-4BD9-8FA6-8F8AEDDD6A37}.Debug|Any CPU.Build.0 = Debug|Any CPU
		{8CC1E162-B165-4BD9-8FA6-8F8AEDDD6A37}.Release|Any CPU.ActiveCfg = Release|Any CPU
		{8CC1E162-B165-4BD9-8FA6-8F8AEDDD6A37}.Release|Any CPU.Build.0 = Release|Any CPU
		{17885C54-E9EC-4567-80E6-9863A8C39CD4}.Debug|Any CPU.ActiveCfg = Debug|Any CPU
		{17885C54-E9EC-4567-80E6-9863A8C39CD4}.Debug|Any CPU.Build.0 = Debug|Any CPU
		{17885C54-E9EC-4567-80E6-9863A8C39CD4}.Release|Any CPU.ActiveCfg = Release|Any CPU
		{17885C54-E9EC-4567-80E6-9863A8C39CD4}.Release|Any CPU.Build.0 = Release|Any CPU
		{A85D4A5F-1F4D-49A0-884B-B11513480CBF}.Debug|Any CPU.ActiveCfg = Debug|Any CPU
		{A85D4A5F-1F4D-49A0-884B-B11513480CBF}.Debug|Any CPU.Build.0 = Debug|Any CPU
		{A85D4A5F-1F4D-49A0-884B-B11513480CBF}.Release|Any CPU.ActiveCfg = Release|Any CPU
		{A85D4A5F-1F4D-49A0-884B-B11513480CBF}.Release|Any CPU.Build.0 = Release|Any CPU
		{8AC13B62-8842-4A2D-BDCE-500BC9F6A52E}.Debug|Any CPU.ActiveCfg = Debug|Any CPU
		{8AC13B62-8842-4A2D-BDCE-500BC9F6A52E}.Debug|Any CPU.Build.0 = Debug|Any CPU
		{8AC13B62-8842-4A2D-BDCE-500BC9F6A52E}.Release|Any CPU.ActiveCfg = Release|Any CPU
		{8AC13B62-8842-4A2D-BDCE-500BC9F6A52E}.Release|Any CPU.Build.0 = Release|Any CPU
		{1105E6AD-94AD-40DB-8A35-AC3306EA27C7}.Debug|Any CPU.ActiveCfg = Debug|Any CPU
		{1105E6AD-94AD-40DB-8A35-AC3306EA27C7}.Debug|Any CPU.Build.0 = Debug|Any CPU
		{1105E6AD-94AD-40DB-8A35-AC3306EA27C7}.Release|Any CPU.ActiveCfg = Release|Any CPU
		{1105E6AD-94AD-40DB-8A35-AC3306EA27C7}.Release|Any CPU.Build.0 = Release|Any CPU
		{D06BDFF7-AAC2-427C-975C-43ACB5949394}.Debug|Any CPU.ActiveCfg = Debug|Any CPU
		{D06BDFF7-AAC2-427C-975C-43ACB5949394}.Debug|Any CPU.Build.0 = Debug|Any CPU
		{D06BDFF7-AAC2-427C-975C-43ACB5949394}.Release|Any CPU.ActiveCfg = Release|Any CPU
		{D06BDFF7-AAC2-427C-975C-43ACB5949394}.Release|Any CPU.Build.0 = Release|Any CPU
		{48B08FD5-2A69-4FEA-91D3-658C92CFC06D}.Debug|Any CPU.ActiveCfg = Debug|Any CPU
		{48B08FD5-2A69-4FEA-91D3-658C92CFC06D}.Debug|Any CPU.Build.0 = Debug|Any CPU
		{48B08FD5-2A69-4FEA-91D3-658C92CFC06D}.Release|Any CPU.ActiveCfg = Release|Any CPU
		{48B08FD5-2A69-4FEA-91D3-658C92CFC06D}.Release|Any CPU.Build.0 = Release|Any CPU
		{B1463A1A-BC8B-4F11-88B7-782D06BEC6EB}.Debug|Any CPU.ActiveCfg = Debug|Any CPU
		{B1463A1A-BC8B-4F11-88B7-782D06BEC6EB}.Debug|Any CPU.Build.0 = Debug|Any CPU
		{B1463A1A-BC8B-4F11-88B7-782D06BEC6EB}.Release|Any CPU.ActiveCfg = Release|Any CPU
		{B1463A1A-BC8B-4F11-88B7-782D06BEC6EB}.Release|Any CPU.Build.0 = Release|Any CPU
		{1204B311-7790-4B65-BD92-85AD45E55C20}.Debug|Any CPU.ActiveCfg = Debug|Any CPU
		{1204B311-7790-4B65-BD92-85AD45E55C20}.Debug|Any CPU.Build.0 = Debug|Any CPU
		{1204B311-7790-4B65-BD92-85AD45E55C20}.Release|Any CPU.ActiveCfg = Release|Any CPU
		{1204B311-7790-4B65-BD92-85AD45E55C20}.Release|Any CPU.Build.0 = Release|Any CPU
		{E55D2F4E-2256-42FE-A521-810C9F5BE806}.Debug|Any CPU.ActiveCfg = Debug|Any CPU
		{E55D2F4E-2256-42FE-A521-810C9F5BE806}.Debug|Any CPU.Build.0 = Debug|Any CPU
		{E55D2F4E-2256-42FE-A521-810C9F5BE806}.Release|Any CPU.ActiveCfg = Release|Any CPU
		{E55D2F4E-2256-42FE-A521-810C9F5BE806}.Release|Any CPU.Build.0 = Release|Any CPU
		{62C7B7EE-03B3-4291-B983-849E8726C790}.Debug|Any CPU.ActiveCfg = Debug|Any CPU
		{62C7B7EE-03B3-4291-B983-849E8726C790}.Debug|Any CPU.Build.0 = Debug|Any CPU
		{62C7B7EE-03B3-4291-B983-849E8726C790}.Release|Any CPU.ActiveCfg = Release|Any CPU
		{62C7B7EE-03B3-4291-B983-849E8726C790}.Release|Any CPU.Build.0 = Release|Any CPU
		{CE34ECE7-3C03-4696-A9A0-EF184269B8EF}.Debug|Any CPU.ActiveCfg = Debug|Any CPU
		{CE34ECE7-3C03-4696-A9A0-EF184269B8EF}.Debug|Any CPU.Build.0 = Debug|Any CPU
		{CE34ECE7-3C03-4696-A9A0-EF184269B8EF}.Release|Any CPU.ActiveCfg = Release|Any CPU
		{CE34ECE7-3C03-4696-A9A0-EF184269B8EF}.Release|Any CPU.Build.0 = Release|Any CPU
		{5797D1B9-6190-41EE-BD70-F025022110F4}.Debug|Any CPU.ActiveCfg = Debug|Any CPU
		{5797D1B9-6190-41EE-BD70-F025022110F4}.Debug|Any CPU.Build.0 = Debug|Any CPU
		{5797D1B9-6190-41EE-BD70-F025022110F4}.Release|Any CPU.ActiveCfg = Release|Any CPU
		{5797D1B9-6190-41EE-BD70-F025022110F4}.Release|Any CPU.Build.0 = Release|Any CPU
		{0559155E-18FB-47EE-A769-22FFFFB91972}.Debug|Any CPU.ActiveCfg = Debug|Any CPU
		{0559155E-18FB-47EE-A769-22FFFFB91972}.Debug|Any CPU.Build.0 = Debug|Any CPU
		{0559155E-18FB-47EE-A769-22FFFFB91972}.Release|Any CPU.ActiveCfg = Release|Any CPU
		{0559155E-18FB-47EE-A769-22FFFFB91972}.Release|Any CPU.Build.0 = Release|Any CPU
		{95D5CAF4-A6DB-49DA-A1D6-B1DD7D581DA7}.Debug|Any CPU.ActiveCfg = Debug|Any CPU
		{95D5CAF4-A6DB-49DA-A1D6-B1DD7D581DA7}.Debug|Any CPU.Build.0 = Debug|Any CPU
		{95D5CAF4-A6DB-49DA-A1D6-B1DD7D581DA7}.Release|Any CPU.ActiveCfg = Release|Any CPU
		{95D5CAF4-A6DB-49DA-A1D6-B1DD7D581DA7}.Release|Any CPU.Build.0 = Release|Any CPU
		{2DE4A0DA-D088-4D19-8DCE-D84089347100}.Debug|Any CPU.ActiveCfg = Debug|Any CPU
		{2DE4A0DA-D088-4D19-8DCE-D84089347100}.Debug|Any CPU.Build.0 = Debug|Any CPU
		{2DE4A0DA-D088-4D19-8DCE-D84089347100}.Release|Any CPU.ActiveCfg = Release|Any CPU
		{2DE4A0DA-D088-4D19-8DCE-D84089347100}.Release|Any CPU.Build.0 = Release|Any CPU
		{448D51D0-C4EF-4DC1-B5ED-5E465EE036C7}.Debug|Any CPU.ActiveCfg = Debug|Any CPU
		{448D51D0-C4EF-4DC1-B5ED-5E465EE036C7}.Debug|Any CPU.Build.0 = Debug|Any CPU
		{448D51D0-C4EF-4DC1-B5ED-5E465EE036C7}.Release|Any CPU.ActiveCfg = Release|Any CPU
		{448D51D0-C4EF-4DC1-B5ED-5E465EE036C7}.Release|Any CPU.Build.0 = Release|Any CPU
		{90BC5EFB-E6E3-4345-AF30-3D1E6EC4C6F9}.Debug|Any CPU.ActiveCfg = Debug|Any CPU
		{90BC5EFB-E6E3-4345-AF30-3D1E6EC4C6F9}.Debug|Any CPU.Build.0 = Debug|Any CPU
		{90BC5EFB-E6E3-4345-AF30-3D1E6EC4C6F9}.Release|Any CPU.ActiveCfg = Release|Any CPU
		{90BC5EFB-E6E3-4345-AF30-3D1E6EC4C6F9}.Release|Any CPU.Build.0 = Release|Any CPU
		{AFEE2762-1F7A-481D-BB5C-A0F1310ACA00}.Debug|Any CPU.ActiveCfg = Debug|Any CPU
		{AFEE2762-1F7A-481D-BB5C-A0F1310ACA00}.Debug|Any CPU.Build.0 = Debug|Any CPU
		{AFEE2762-1F7A-481D-BB5C-A0F1310ACA00}.Release|Any CPU.ActiveCfg = Release|Any CPU
		{AFEE2762-1F7A-481D-BB5C-A0F1310ACA00}.Release|Any CPU.Build.0 = Release|Any CPU
		{7ACB6210-4FFA-40E7-BF3E-90B8DB8C3072}.Debug|Any CPU.ActiveCfg = Debug|Any CPU
		{7ACB6210-4FFA-40E7-BF3E-90B8DB8C3072}.Debug|Any CPU.Build.0 = Debug|Any CPU
		{7ACB6210-4FFA-40E7-BF3E-90B8DB8C3072}.Release|Any CPU.ActiveCfg = Release|Any CPU
		{7ACB6210-4FFA-40E7-BF3E-90B8DB8C3072}.Release|Any CPU.Build.0 = Release|Any CPU
		{9E7A1A39-AF41-4B3E-92A2-71DB18A406F9}.Debug|Any CPU.ActiveCfg = Debug|Any CPU
		{9E7A1A39-AF41-4B3E-92A2-71DB18A406F9}.Debug|Any CPU.Build.0 = Debug|Any CPU
		{9E7A1A39-AF41-4B3E-92A2-71DB18A406F9}.Release|Any CPU.ActiveCfg = Release|Any CPU
		{9E7A1A39-AF41-4B3E-92A2-71DB18A406F9}.Release|Any CPU.Build.0 = Release|Any CPU
		{C9B7B74B-EE97-4B1B-8041-90CC061E71CF}.Debug|Any CPU.ActiveCfg = Debug|Any CPU
		{C9B7B74B-EE97-4B1B-8041-90CC061E71CF}.Debug|Any CPU.Build.0 = Debug|Any CPU
		{C9B7B74B-EE97-4B1B-8041-90CC061E71CF}.Release|Any CPU.ActiveCfg = Release|Any CPU
		{C9B7B74B-EE97-4B1B-8041-90CC061E71CF}.Release|Any CPU.Build.0 = Release|Any CPU
		{E4AE6C70-8BB1-4BD4-92BF-50DE008240C2}.Debug|Any CPU.ActiveCfg = Debug|Any CPU
		{E4AE6C70-8BB1-4BD4-92BF-50DE008240C2}.Debug|Any CPU.Build.0 = Debug|Any CPU
		{E4AE6C70-8BB1-4BD4-92BF-50DE008240C2}.Release|Any CPU.ActiveCfg = Release|Any CPU
		{E4AE6C70-8BB1-4BD4-92BF-50DE008240C2}.Release|Any CPU.Build.0 = Release|Any CPU
		{7DC556E1-55BD-49B4-AE07-57C385E4AAB8}.Debug|Any CPU.ActiveCfg = Debug|Any CPU
		{7DC556E1-55BD-49B4-AE07-57C385E4AAB8}.Debug|Any CPU.Build.0 = Debug|Any CPU
		{7DC556E1-55BD-49B4-AE07-57C385E4AAB8}.Release|Any CPU.ActiveCfg = Release|Any CPU
		{7DC556E1-55BD-49B4-AE07-57C385E4AAB8}.Release|Any CPU.Build.0 = Release|Any CPU
		{B56B31C0-2341-4212-8D9B-2C2DC137390C}.Debug|Any CPU.ActiveCfg = Debug|Any CPU
		{B56B31C0-2341-4212-8D9B-2C2DC137390C}.Debug|Any CPU.Build.0 = Debug|Any CPU
		{B56B31C0-2341-4212-8D9B-2C2DC137390C}.Release|Any CPU.ActiveCfg = Release|Any CPU
		{B56B31C0-2341-4212-8D9B-2C2DC137390C}.Release|Any CPU.Build.0 = Release|Any CPU
		{A44AF5FB-AF25-4B33-A937-0F98C4776FF1}.Debug|Any CPU.ActiveCfg = Debug|Any CPU
		{A44AF5FB-AF25-4B33-A937-0F98C4776FF1}.Debug|Any CPU.Build.0 = Debug|Any CPU
		{A44AF5FB-AF25-4B33-A937-0F98C4776FF1}.Release|Any CPU.ActiveCfg = Release|Any CPU
		{A44AF5FB-AF25-4B33-A937-0F98C4776FF1}.Release|Any CPU.Build.0 = Release|Any CPU
	EndGlobalSection
	GlobalSection(SolutionProperties) = preSolution
		HideSolutionNode = FALSE
	EndGlobalSection
	GlobalSection(NestedProjects) = preSolution
		{C3D3B179-4098-4849-8792-F268F8F7C3D1} = {DA8B9B1F-135D-492F-8448-CF2DB260985F}
		{BC160491-B6AE-4792-B890-A80536B9EBE9} = {DA8B9B1F-135D-492F-8448-CF2DB260985F}
		{A974216D-653C-4568-9412-8CF04B7C146B} = {DA8B9B1F-135D-492F-8448-CF2DB260985F}
		{378EDF66-19AF-4625-B8AA-7F047EFB570B} = {DA8B9B1F-135D-492F-8448-CF2DB260985F}
		{409CA1B0-C308-4173-8A5D-824D9D226CE8} = {DA8B9B1F-135D-492F-8448-CF2DB260985F}
		{30C0E286-6229-4F5E-A36A-7A513A706E11} = {DA8B9B1F-135D-492F-8448-CF2DB260985F}
		{D820834C-247B-4FC9-B402-D065F6CDB447} = {DA8B9B1F-135D-492F-8448-CF2DB260985F}
		{0472E09F-BA91-4883-B589-D9E9B7CABF13} = {DA8B9B1F-135D-492F-8448-CF2DB260985F}
		{FB860467-B0BB-4992-826F-E759CA18BC39} = {DA8B9B1F-135D-492F-8448-CF2DB260985F}
		{86B35FC1-436C-44B2-8FBB-285BB428BC13} = {DA8B9B1F-135D-492F-8448-CF2DB260985F}
		{5BB109D3-1F55-44CE-A278-7FFCDA2A0313} = {4941E3C4-2090-4CD8-8435-6B0906AEA37D}
		{22014CBF-00ED-4748-BCE2-165934D18601} = {4941E3C4-2090-4CD8-8435-6B0906AEA37D}
		{15C27DB5-623E-43A3-B628-849ACDEF0947} = {4941E3C4-2090-4CD8-8435-6B0906AEA37D}
		{6331C29F-1A74-4C78-93CD-FD950F5C7FB1} = {4941E3C4-2090-4CD8-8435-6B0906AEA37D}
		{D9A9208C-B551-4F52-9784-F005330B261A} = {56F02081-1DAD-4601-896A-217C8BAB9C7F}
		{E8A7C838-394F-45D8-B91C-C4F7D5AEEEA5} = {56F02081-1DAD-4601-896A-217C8BAB9C7F}
		{9BF05D6C-D07C-457F-940A-3EFCDF724929} = {0B104BC3-66A9-4B45-8064-52334CF0FB22}
		{72306561-4F78-4B2F-AD22-3DEB4A901093} = {0B104BC3-66A9-4B45-8064-52334CF0FB22}
		{B554D508-380A-46F9-8A02-93660191AD8E} = {56F02081-1DAD-4601-896A-217C8BAB9C7F}
		{735F2464-9FB3-4914-A8B8-7A19B45E92C2} = {B5B2A7E7-1249-443D-BA35-DDCC6954AA5B}
		{F96F002F-41AD-4177-9278-320EBF9650F4} = {B5B2A7E7-1249-443D-BA35-DDCC6954AA5B}
		{E2B5375B-B5DC-4258-B428-EAA50306F86F} = {B5B2A7E7-1249-443D-BA35-DDCC6954AA5B}
		{F338E8C7-736D-4160-B594-07E67F26128F} = {56F02081-1DAD-4601-896A-217C8BAB9C7F}
		{602C2961-2E33-4788-B71F-10A2E0DB7F26} = {C6254369-015F-49A1-8482-5411A36D4087}
		{A1123856-BFE6-44D6-80F3-E88CAC01DEDD} = {C6254369-015F-49A1-8482-5411A36D4087}
		{42198A11-82E8-4036-850D-9FB89DEC859B} = {C6254369-015F-49A1-8482-5411A36D4087}
		{EF9187AC-264D-48D5-B128-37E2B372A7B4} = {C6254369-015F-49A1-8482-5411A36D4087}
		{06773ED1-6640-4221-AD09-9AF5B7EEB1C0} = {A738EC1E-B24F-4650-A859-541B748D10B4}
		{63BF55F0-257B-4348-8121-01FAB1E3AA44} = {A738EC1E-B24F-4650-A859-541B748D10B4}
		{8FB68388-E20B-4631-A64A-0B77342E066F} = {8B900B32-11B5-42A7-8D81-E8E249D1BEC5}
		{09A3BC53-A67F-4FBF-B271-82AC59D509F7} = {8B900B32-11B5-42A7-8D81-E8E249D1BEC5}
		{6642FC48-EB16-46C8-8899-D22E8AC536DE} = {8B900B32-11B5-42A7-8D81-E8E249D1BEC5}
		{26255B53-4C9F-432B-9CD1-9C8AB4AC2305} = {A738EC1E-B24F-4650-A859-541B748D10B4}
		{A89BA290-7827-4C60-949F-96AECEB173B6} = {DA8B9B1F-135D-492F-8448-CF2DB260985F}
		{8CC1E162-B165-4BD9-8FA6-8F8AEDDD6A37} = {DA8B9B1F-135D-492F-8448-CF2DB260985F}
		{17885C54-E9EC-4567-80E6-9863A8C39CD4} = {0B104BC3-66A9-4B45-8064-52334CF0FB22}
		{A85D4A5F-1F4D-49A0-884B-B11513480CBF} = {0B104BC3-66A9-4B45-8064-52334CF0FB22}
		{8AC13B62-8842-4A2D-BDCE-500BC9F6A52E} = {0B104BC3-66A9-4B45-8064-52334CF0FB22}
		{1105E6AD-94AD-40DB-8A35-AC3306EA27C7} = {0B104BC3-66A9-4B45-8064-52334CF0FB22}
		{D06BDFF7-AAC2-427C-975C-43ACB5949394} = {0B104BC3-66A9-4B45-8064-52334CF0FB22}
		{48B08FD5-2A69-4FEA-91D3-658C92CFC06D} = {92FAA33C-7F8A-4A95-840A-F46B19B336B1}
		{B1463A1A-BC8B-4F11-88B7-782D06BEC6EB} = {92FAA33C-7F8A-4A95-840A-F46B19B336B1}
		{1204B311-7790-4B65-BD92-85AD45E55C20} = {92FAA33C-7F8A-4A95-840A-F46B19B336B1}
		{E55D2F4E-2256-42FE-A521-810C9F5BE806} = {92FAA33C-7F8A-4A95-840A-F46B19B336B1}
		{62C7B7EE-03B3-4291-B983-849E8726C790} = {92FAA33C-7F8A-4A95-840A-F46B19B336B1}
		{CE34ECE7-3C03-4696-A9A0-EF184269B8EF} = {56F02081-1DAD-4601-896A-217C8BAB9C7F}
		{5797D1B9-6190-41EE-BD70-F025022110F4} = {56F02081-1DAD-4601-896A-217C8BAB9C7F}
		{0559155E-18FB-47EE-A769-22FFFFB91972} = {92FAA33C-7F8A-4A95-840A-F46B19B336B1}
		{95D5CAF4-A6DB-49DA-A1D6-B1DD7D581DA7} = {92FAA33C-7F8A-4A95-840A-F46B19B336B1}
		{2DE4A0DA-D088-4D19-8DCE-D84089347100} = {92FAA33C-7F8A-4A95-840A-F46B19B336B1}
		{448D51D0-C4EF-4DC1-B5ED-5E465EE036C7} = {77CC5143-00C6-491F-AFF3-A06C7D97F331}
		{90BC5EFB-E6E3-4345-AF30-3D1E6EC4C6F9} = {6F477E26-C490-4626-87C0-220EDE766DD9}
		{AFEE2762-1F7A-481D-BB5C-A0F1310ACA00} = {6F477E26-C490-4626-87C0-220EDE766DD9}
		{7ACB6210-4FFA-40E7-BF3E-90B8DB8C3072} = {77CC5143-00C6-491F-AFF3-A06C7D97F331}
		{9E7A1A39-AF41-4B3E-92A2-71DB18A406F9} = {B262C0CB-7C48-4E1C-BE6F-BBBEDC7E0AC8}
		{C9B7B74B-EE97-4B1B-8041-90CC061E71CF} = {B262C0CB-7C48-4E1C-BE6F-BBBEDC7E0AC8}
		{E4AE6C70-8BB1-4BD4-92BF-50DE008240C2} = {B262C0CB-7C48-4E1C-BE6F-BBBEDC7E0AC8}
		{7DC556E1-55BD-49B4-AE07-57C385E4AAB8} = {53F61231-AF15-43C6-9EE2-961F3C573654}
		{B56B31C0-2341-4212-8D9B-2C2DC137390C} = {69C116E3-CCB7-4628-AFD2-331E661CCAF0}
		{A44AF5FB-AF25-4B33-A937-0F98C4776FF1} = {53F61231-AF15-43C6-9EE2-961F3C573654}
	EndGlobalSection
	GlobalSection(ExtensibilityGlobals) = postSolution
		SolutionGuid = {547754D2-7466-4D42-881C-43A693F367D1}
	EndGlobalSection
EndGlobal
