
Microsoft Visual Studio Solution File, Format Version 12.00
# Visual Studio Version 16
VisualStudioVersion = 16.0.29424.173
MinimumVisualStudioVersion = 10.0.40219.1
Project("{9A19103F-16F7-4668-BE54-9A1E7A4F7556}") = "TotalNetCore.StartupDemo", "TotalNetCore.StartupDemo\TotalNetCore.StartupDemo.csproj", "{B06CFD36-5B90-420F-8D7A-1F38C97BC4D8}"
EndProject
Project("{2150E333-8FDC-42A3-9474-1A3956D46DE8}") = "DesignPattern", "DesignPattern", "{DA8B9B1F-135D-492F-8448-CF2DB260985F}"
EndProject
Project("{FAE04EC0-301F-11D3-BF4B-00C04F79EFBC}") = "TotalNetCore.BuilderPattern", "TotalNetCore.BuilderPattern\TotalNetCore.BuilderPattern.csproj", "{C3D3B179-4098-4849-8792-F268F8F7C3D1}"
EndProject
Global
	GlobalSection(SolutionConfigurationPlatforms) = preSolution
		Debug|Any CPU = Debug|Any CPU
		Release|Any CPU = Release|Any CPU
	EndGlobalSection
	GlobalSection(ProjectConfigurationPlatforms) = postSolution
		{B06CFD36-5B90-420F-8D7A-1F38C97BC4D8}.Debug|Any CPU.ActiveCfg = Debug|Any CPU
		{B06CFD36-5B90-420F-8D7A-1F38C97BC4D8}.Debug|Any CPU.Build.0 = Debug|Any CPU
		{B06CFD36-5B90-420F-8D7A-1F38C97BC4D8}.Release|Any CPU.ActiveCfg = Release|Any CPU
		{B06CFD36-5B90-420F-8D7A-1F38C97BC4D8}.Release|Any CPU.Build.0 = Release|Any CPU
		{C3D3B179-4098-4849-8792-F268F8F7C3D1}.Debug|Any CPU.ActiveCfg = Debug|Any CPU
		{C3D3B179-4098-4849-8792-F268F8F7C3D1}.Debug|Any CPU.Build.0 = Debug|Any CPU
		{C3D3B179-4098-4849-8792-F268F8F7C3D1}.Release|Any CPU.ActiveCfg = Release|Any CPU
		{C3D3B179-4098-4849-8792-F268F8F7C3D1}.Release|Any CPU.Build.0 = Release|Any CPU
	EndGlobalSection
	GlobalSection(SolutionProperties) = preSolution
		HideSolutionNode = FALSE
	EndGlobalSection
	GlobalSection(NestedProjects) = preSolution
		{C3D3B179-4098-4849-8792-F268F8F7C3D1} = {DA8B9B1F-135D-492F-8448-CF2DB260985F}
	EndGlobalSection
	GlobalSection(ExtensibilityGlobals) = postSolution
		SolutionGuid = {547754D2-7466-4D42-881C-43A693F367D1}
	EndGlobalSection
EndGlobal
